// !$*UTF8*$!
{
	archiveVersion = 1;
	classes = {
	};
	objectVersion = 55;
	objects = {

/* Begin PBXBuildFile section */
		2B1D8986289CCB9E00D9EEBE /* Friend.m in Sources */ = {isa = PBXBuildFile; fileRef = 2B1D8985289CCB9E00D9EEBE /* Friend.m */; };
		2B820D04289BEDBB006DB378 /* main.m in Sources */ = {isa = PBXBuildFile; fileRef = 2B820D03289BEDBB006DB378 /* main.m */; };
		2B820D0F289BF7AB006DB378 /* person.m in Sources */ = {isa = PBXBuildFile; fileRef = 2B820D0E289BF7AB006DB378 /* person.m */; };
		2B820D12289BF7DB006DB378 /* Dog.m in Sources */ = {isa = PBXBuildFile; fileRef = 2B820D11289BF7DB006DB378 /* Dog.m */; };
/* End PBXBuildFile section */

/* Begin PBXCopyFilesBuildPhase section */
		2B820CFE289BEDBB006DB378 /* CopyFiles */ = {
			isa = PBXCopyFilesBuildPhase;
			buildActionMask = 2147483647;
			dstPath = /usr/share/man/man1/;
			dstSubfolderSpec = 0;
			files = (
			);
			runOnlyForDeploymentPostprocessing = 1;
		};
/* End PBXCopyFilesBuildPhase section */

/* Begin PBXFileReference section */
		2B1D8984289CCB9E00D9EEBE /* Friend.h */ = {isa = PBXFileReference; lastKnownFileType = sourcecode.c.h; name = Friend.h; path = ../Friend.h; sourceTree = "<group>"; };
		2B1D8985289CCB9E00D9EEBE /* Friend.m */ = {isa = PBXFileReference; lastKnownFileType = sourcecode.c.objc; path = Friend.m; sourceTree = "<group>"; };
		2B820D00289BEDBB006DB378 /* YHYPropertyAttribute */ = {isa = PBXFileReference; explicitFileType = "compiled.mach-o.executable"; includeInIndex = 0; path = YHYPropertyAttribute; sourceTree = BUILT_PRODUCTS_DIR; };
		2B820D03289BEDBB006DB378 /* main.m */ = {isa = PBXFileReference; lastKnownFileType = sourcecode.c.objc; path = main.m; sourceTree = "<group>"; };
		2B820D0D289BF7AB006DB378 /* person.h */ = {isa = PBXFileReference; lastKnownFileType = sourcecode.c.h; path = person.h; sourceTree = "<group>"; };
		2B820D0E289BF7AB006DB378 /* person.m */ = {isa = PBXFileReference; lastKnownFileType = sourcecode.c.objc; path = person.m; sourceTree = "<group>"; };
		2B820D10289BF7DB006DB378 /* Dog.h */ = {isa = PBXFileReference; lastKnownFileType = sourcecode.c.h; path = Dog.h; sourceTree = "<group>"; };
		2B820D11289BF7DB006DB378 /* Dog.m */ = {isa = PBXFileReference; lastKnownFileType = sourcecode.c.objc; path = Dog.m; sourceTree = "<group>"; };
/* End PBXFileReference section */

/* Begin PBXFrameworksBuildPhase section */
		2B820CFD289BEDBB006DB378 /* Frameworks */ = {
			isa = PBXFrameworksBuildPhase;
			buildActionMask = 2147483647;
			files = (
			);
			runOnlyForDeploymentPostprocessing = 0;
		};
/* End PBXFrameworksBuildPhase section */

/* Begin PBXGroup section */
		2B820CF7289BEDBB006DB378 = {
			isa = PBXGroup;
			children = (
				2B820D02289BEDBB006DB378 /* YHYPropertyAttribute */,
				2B820D01289BEDBB006DB378 /* Products */,
			);
			sourceTree = "<group>";
		};
		2B820D01289BEDBB006DB378 /* Products */ = {
			isa = PBXGroup;
			children = (
				2B820D00289BEDBB006DB378 /* YHYPropertyAttribute */,
			);
			name = Products;
			sourceTree = "<group>";
		};
		2B820D02289BEDBB006DB378 /* YHYPropertyAttribute */ = {
			isa = PBXGroup;
			children = (
				2B820D03289BEDBB006DB378 /* main.m */,
				2B820D10289BF7DB006DB378 /* Dog.h */,
				2B820D11289BF7DB006DB378 /* Dog.m */,
				2B820D0D289BF7AB006DB378 /* person.h */,
				2B820D0E289BF7AB006DB378 /* person.m */,
				2B1D8984289CCB9E00D9EEBE /* Friend.h */,
				2B1D8985289CCB9E00D9EEBE /* Friend.m */,
			);
			path = YHYPropertyAttribute;
			sourceTree = "<group>";
		};
/* End PBXGroup section */

/* Begin PBXNativeTarget section */
		2B820CFF289BEDBB006DB378 /* YHYPropertyAttribute */ = {
			isa = PBXNativeTarget;
			buildConfigurationList = 2B820D07289BEDBB006DB378 /* Build configuration list for PBXNativeTarget "YHYPropertyAttribute" */;
			buildPhases = (
				2B820CFC289BEDBB006DB378 /* Sources */,
				2B820CFD289BEDBB006DB378 /* Frameworks */,
				2B820CFE289BEDBB006DB378 /* CopyFiles */,
			);
			buildRules = (
			);
			dependencies = (
			);
			name = YHYPropertyAttribute;
			productName = YHYPropertyAttribute;
			productReference = 2B820D00289BEDBB006DB378 /* YHYPropertyAttribute */;
			productType = "com.apple.product-type.tool";
		};
/* End PBXNativeTarget section */

/* Begin PBXProject section */
		2B820CF8289BEDBB006DB378 /* Project object */ = {
			isa = PBXProject;
			attributes = {
				BuildIndependentTargetsInParallel = 1;
				LastUpgradeCheck = 1340;
				TargetAttributes = {
					2B820CFF289BEDBB006DB378 = {
						CreatedOnToolsVersion = 13.4.1;
					};
				};
			};
			buildConfigurationList = 2B820CFB289BEDBB006DB378 /* Build configuration list for PBXProject "YHYPropertyAttribute" */;
			compatibilityVersion = "Xcode 13.0";
			developmentRegion = en;
			hasScannedForEncodings = 0;
			knownRegions = (
				en,
				Base,
			);
			mainGroup = 2B820CF7289BEDBB006DB378;
			productRefGroup = 2B820D01289BEDBB006DB378 /* Products */;
			projectDirPath = "";
			projectRoot = "";
			targets = (
				2B820CFF289BEDBB006DB378 /* YHYPropertyAttribute */,
			);
		};
/* End PBXProject section */

/* Begin PBXSourcesBuildPhase section */
		2B820CFC289BEDBB006DB378 /* Sources */ = {
			isa = PBXSourcesBuildPhase;
			buildActionMask = 2147483647;
			files = (
				2B820D04289BEDBB006DB378 /* main.m in Sources */,
				2B820D12289BF7DB006DB378 /* Dog.m in Sources */,
				2B820D0F289BF7AB006DB378 /* person.m in Sources */,
				2B1D8986289CCB9E00D9EEBE /* Friend.m in Sources */,
			);
			runOnlyForDeploymentPostprocessing = 0;
		};
/* End PBXSourcesBuildPhase section */

/* Begin XCBuildConfiguration section */
		2B820D05289BEDBB006DB378 /* Debug */ = {
			isa = XCBuildConfiguration;
			buildSettings = {
				ALWAYS_SEARCH_USER_PATHS = NO;
				CLANG_ANALYZER_NONNULL = YES;
				CLANG_ANALYZER_NUMBER_OBJECT_CONVERSION = YES_AGGRESSIVE;
				CLANG_CXX_LANGUAGE_STANDARD = "gnu++17";
				CLANG_ENABLE_MODULES = YES;
				CLANG_ENABLE_OBJC_ARC = YES;
				CLANG_ENABLE_OBJC_WEAK = YES;
				CLANG_WARN_BLOCK_CAPTURE_AUTORELEASING = YES;
				CLANG_WARN_BOOL_CONVERSION = YES;
				CLANG_WARN_COMMA = YES;
				CLANG_WARN_CONSTANT_CONVERSION = YES;
				CLANG_WARN_DEPRECATED_OBJC_IMPLEMENTATIONS = YES;
				CLANG_WARN_DIRECT_OBJC_ISA_USAGE = YES_ERROR;
				CLANG_WARN_DOCUMENTATION_COMMENTS = YES;
				CLANG_WARN_EMPTY_BODY = YES;
				CLANG_WARN_ENUM_CONVERSION = YES;
				CLANG_WARN_INFINITE_RECURSION = YES;
				CLANG_WARN_INT_CONVERSION = YES;
				CLANG_WARN_NON_LITERAL_NULL_CONVERSION = YES;
				CLANG_WARN_OBJC_IMPLICIT_RETAIN_SELF = YES;
				CLANG_WARN_OBJC_LITERAL_CONVERSION = YES;
				CLANG_WARN_OBJC_ROOT_CLASS = YES_ERROR;
				CLANG_WARN_QUOTED_INCLUDE_IN_FRAMEWORK_HEADER = YES;
				CLANG_WARN_RANGE_LOOP_ANALYSIS = YES;
				CLANG_WARN_STRICT_PROTOTYPES = YES;
				CLANG_WARN_SUSPICIOUS_MOVE = YES;
				CLANG_WARN_UNGUARDED_AVAILABILITY = YES_AGGRESSIVE;
				CLANG_WARN_UNREACHABLE_CODE = YES;
				CLANG_WARN__DUPLICATE_METHOD_MATCH = YES;
				COPY_PHASE_STRIP = NO;
				DEBUG_INFORMATION_FORMAT = dwarf;
				ENABLE_STRICT_OBJC_MSGSEND = YES;
				ENABLE_TESTABILITY = YES;
				GCC_C_LANGUAGE_STANDARD = gnu11;
				GCC_DYNAMIC_NO_PIC = NO;
				GCC_NO_COMMON_BLOCKS = YES;
				GCC_OPTIMIZATION_LEVEL = 0;
				GCC_PREPROCESSOR_DEFINITIONS = (
					"DEBUG=1",
					"$(inherited)",
				);
				GCC_WARN_64_TO_32_BIT_CONVERSION = YES;
				GCC_WARN_ABOUT_RETURN_TYPE = YES_ERROR;
				GCC_WARN_UNDECLARED_SELECTOR = YES;
				GCC_WARN_UNINITIALIZED_AUTOS = YES_AGGRESSIVE;
				GCC_WARN_UNUSED_FUNCTION = YES;
				GCC_WARN_UNUSED_VARIABLE = YES;
				MACOSX_DEPLOYMENT_TARGET = 12.3;
				MTL_ENABLE_DEBUG_INFO = INCLUDE_SOURCE;
				MTL_FAST_MATH = YES;
				ONLY_ACTIVE_ARCH = YES;
				SDKROOT = macosx;
			};
			name = Debug;
		};
		2B820D06289BEDBB006DB378 /* Release */ = {
			isa = XCBuildConfiguration;
			buildSettings = {
				ALWAYS_SEARCH_USER_PATHS = NO;
				CLANG_ANALYZER_NONNULL = YES;
				CLANG_ANALYZER_NUMBER_OBJECT_CONVERSION = YES_AGGRESSIVE;
				CLANG_CXX_LANGUAGE_STANDARD = "gnu++17";
				CLANG_ENABLE_MODULES = YES;
				CLANG_ENABLE_OBJC_ARC = YES;
				CLANG_ENABLE_OBJC_WEAK = YES;
				CLANG_WARN_BLOCK_CAPTURE_AUTORELEASING = YES;
				CLANG_WARN_BOOL_CONVERSION = YES;
				CLANG_WARN_COMMA = YES;
				CLANG_WARN_CONSTANT_CONVERSION = YES;
				CLANG_WARN_DEPRECATED_OBJC_IMPLEMENTATIONS = YES;
				CLANG_WARN_DIRECT_OBJC_ISA_USAGE = YES_ERROR;
				CLANG_WARN_DOCUMENTATION_COMMENTS = YES;
				CLANG_WARN_EMPTY_BODY = YES;
				CLANG_WARN_ENUM_CONVERSION = YES;
				CLANG_WARN_INFINITE_RECURSION = YES;
				CLANG_WARN_INT_CONVERSION = YES;
				CLANG_WARN_NON_LITERAL_NULL_CONVERSION = YES;
				CLANG_WARN_OBJC_IMPLICIT_RETAIN_SELF = YES;
				CLANG_WARN_OBJC_LITERAL_CONVERSION = YES;
				CLANG_WARN_OBJC_ROOT_CLASS = YES_ERROR;
				CLANG_WARN_QUOTED_INCLUDE_IN_FRAMEWORK_HEADER = YES;
				CLANG_WARN_RANGE_LOOP_ANALYSIS = YES;
				CLANG_WARN_STRICT_PROTOTYPES = YES;
				CLANG_WARN_SUSPICIOUS_MOVE = YES;
				CLANG_WARN_UNGUARDED_AVAILABILITY = YES_AGGRESSIVE;
				CLANG_WARN_UNREACHABLE_CODE = YES;
				CLANG_WARN__DUPLICATE_METHOD_MATCH = YES;
				COPY_PHASE_STRIP = NO;
				DEBUG_INFORMATION_FORMAT = "dwarf-with-dsym";
				ENABLE_NS_ASSERTIONS = NO;
				ENABLE_STRICT_OBJC_MSGSEND = YES;
				GCC_C_LANGUAGE_STANDARD = gnu11;
				GCC_NO_COMMON_BLOCKS = YES;
				GCC_WARN_64_TO_32_BIT_CONVERSION = YES;
				GCC_WARN_ABOUT_RETURN_TYPE = YES_ERROR;
				GCC_WARN_UNDECLARED_SELECTOR = YES;
				GCC_WARN_UNINITIALIZED_AUTOS = YES_AGGRESSIVE;
				GCC_WARN_UNUSED_FUNCTION = YES;
				GCC_WARN_UNUSED_VARIABLE = YES;
				MACOSX_DEPLOYMENT_TARGET = 12.3;
				MTL_ENABLE_DEBUG_INFO = NO;
				MTL_FAST_MATH = YES;
				SDKROOT = macosx;
			};
			name = Release;
		};
		2B820D08289BEDBB006DB378 /* Debug */ = {
			isa = XCBuildConfiguration;
			buildSettings = {
				CODE_SIGN_STYLE = Automatic;
				PRODUCT_NAME = "$(TARGET_NAME)";
			};
			name = Debug;
		};
		2B820D09289BEDBB006DB378 /* Release */ = {
			isa = XCBuildConfiguration;
			buildSettings = {
				CODE_SIGN_STYLE = Automatic;
				PRODUCT_NAME = "$(TARGET_NAME)";
			};
			name = Release;
		};
/* End XCBuildConfiguration section */

/* Begin XCConfigurationList section */
		2B820CFB289BEDBB006DB378 /* Build configuration list for PBXProject "YHYPropertyAttribute" */ = {
			isa = XCConfigurationList;
			buildConfigurations = (
				2B820D05289BEDBB006DB378 /* Debug */,
				2B820D06289BEDBB006DB378 /* Release */,
			);
			defaultConfigurationIsVisible = 0;
			defaultConfigurationName = Release;
		};
		2B820D07289BEDBB006DB378 /* Build configuration list for PBXNativeTarget "YHYPropertyAttribute" */ = {
			isa = XCConfigurationList;
			buildConfigurations = (
				2B820D08289BEDBB006DB378 /* Debug */,
				2B820D09289BEDBB006DB378 /* Release */,
			);
			defaultConfigurationIsVisible = 0;
			defaultConfigurationName = Release;
		};
/* End XCConfigurationList section */
	};
	rootObject = 2B820CF8289BEDBB006DB378 /* Project object */;
}
